
Microsoft Visual Studio Solution File, Format Version 12.00
# Visual Studio Version 17
VisualStudioVersion = 17.4.33205.214
MinimumVisualStudioVersion = 10.0.40219.1
Project("{888888A0-9F3D-457C-B088-3A5042F75D52}") = "VigadeOtsing2 V2", "VigadeOtsing2 V2\VigadeOtsing2 V2.pyproj", "{DF095590-10B1-4262-940F-F3580879C375}"
EndProject
Global
	GlobalSection(SolutionConfigurationPlatforms) = preSolution
		Debug|Any CPU = Debug|Any CPU
		Release|Any CPU = Release|Any CPU
	EndGlobalSection
	GlobalSection(ProjectConfigurationPlatforms) = postSolution
		{DF095590-10B1-4262-940F-F3580879C375}.Debug|Any CPU.ActiveCfg = Debug|Any CPU
		{DF095590-10B1-4262-940F-F3580879C375}.Release|Any CPU.ActiveCfg = Release|Any CPU
	EndGlobalSection
	GlobalSection(SolutionProperties) = preSolution
		HideSolutionNode = FALSE
	EndGlobalSection
	GlobalSection(ExtensibilityGlobals) = postSolution
		SolutionGuid = {C2444CED-2951-4ACF-BD54-8EC521DD1187}
	EndGlobalSection
EndGlobal
